
Microsoft Visual Studio Solution File, Format Version 12.00
# Visual Studio 14
VisualStudioVersion = 14.0.24720.0
MinimumVisualStudioVersion = 10.0.40219.1
Project("{FAE04EC0-301F-11D3-BF4B-00C04F79EFBC}") = "EasyJsonToSql", "EasyJsonToSql\EasyJsonToSql.csproj", "{8B351BF0-E9F9-4825-9742-DB37E3D9B792}"
EndProject
Project("{FAE04EC0-301F-11D3-BF4B-00C04F79EFBC}") = "EasyJsonToSqlDemo", "EasyJsonToSqlDemo\EasyJsonToSqlDemo.csproj", "{CD3F8AB0-30F2-40D5-9BB9-B988F9F6EA50}"
EndProject
Project("{FAE04EC0-301F-11D3-BF4B-00C04F79EFBC}") = "EasyJsonToSqlTests", "EasyJsonToSqlTests\EasyJsonToSqlTests.csproj", "{C5440BA5-6303-4937-BCC9-B29CE33AC0E9}"
EndProject
Project("{FAE04EC0-301F-11D3-BF4B-00C04F79EFBC}") = "ConEasyJsonToSqlDemo", "ConEasyJsonToSqlDemo\ConEasyJsonToSqlDemo.csproj", "{262C517F-AA4E-4928-BBFC-3F22C865A85E}"
EndProject
Global
	GlobalSection(SolutionConfigurationPlatforms) = preSolution
		Debug|Any CPU = Debug|Any CPU
		Release|Any CPU = Release|Any CPU
	EndGlobalSection
	GlobalSection(ProjectConfigurationPlatforms) = postSolution
		{8B351BF0-E9F9-4825-9742-DB37E3D9B792}.Debug|Any CPU.ActiveCfg = Debug|Any CPU
		{8B351BF0-E9F9-4825-9742-DB37E3D9B792}.Debug|Any CPU.Build.0 = Debug|Any CPU
		{8B351BF0-E9F9-4825-9742-DB37E3D9B792}.Release|Any CPU.ActiveCfg = Release|Any CPU
		{8B351BF0-E9F9-4825-9742-DB37E3D9B792}.Release|Any CPU.Build.0 = Release|Any CPU
		{CD3F8AB0-30F2-40D5-9BB9-B988F9F6EA50}.Debug|Any CPU.ActiveCfg = Debug|Any CPU
		{CD3F8AB0-30F2-40D5-9BB9-B988F9F6EA50}.Debug|Any CPU.Build.0 = Debug|Any CPU
		{CD3F8AB0-30F2-40D5-9BB9-B988F9F6EA50}.Release|Any CPU.ActiveCfg = Release|Any CPU
		{CD3F8AB0-30F2-40D5-9BB9-B988F9F6EA50}.Release|Any CPU.Build.0 = Release|Any CPU
		{C5440BA5-6303-4937-BCC9-B29CE33AC0E9}.Debug|Any CPU.ActiveCfg = Debug|Any CPU
		{C5440BA5-6303-4937-BCC9-B29CE33AC0E9}.Debug|Any CPU.Build.0 = Debug|Any CPU
		{C5440BA5-6303-4937-BCC9-B29CE33AC0E9}.Release|Any CPU.ActiveCfg = Release|Any CPU
		{C5440BA5-6303-4937-BCC9-B29CE33AC0E9}.Release|Any CPU.Build.0 = Release|Any CPU
		{262C517F-AA4E-4928-BBFC-3F22C865A85E}.Debug|Any CPU.ActiveCfg = Debug|Any CPU
		{262C517F-AA4E-4928-BBFC-3F22C865A85E}.Debug|Any CPU.Build.0 = Debug|Any CPU
		{262C517F-AA4E-4928-BBFC-3F22C865A85E}.Release|Any CPU.ActiveCfg = Release|Any CPU
		{262C517F-AA4E-4928-BBFC-3F22C865A85E}.Release|Any CPU.Build.0 = Release|Any CPU
	EndGlobalSection
	GlobalSection(SolutionProperties) = preSolution
		HideSolutionNode = FALSE
	EndGlobalSection
EndGlobal
